
Microsoft Visual Studio Solution File, Format Version 12.00
# Visual Studio Version 18
VisualStudioVersion = 18.1.11312.151 d18.0
MinimumVisualStudioVersion = 10.0.40219.1
Project("{2150E333-8FDC-42A3-9474-1A3956D46DE8}") = "src", "src", "{D6346122-CD4B-441C-B5D1-583758585DAF}"
EndProject
Project("{2150E333-8FDC-42A3-9474-1A3956D46DE8}") = "Solution Items", "Solution Items", "{A32CEFB3-4E50-401E-8835-787534414F41}"
	ProjectSection(SolutionItems) = preProject
		.editorconfig = .editorconfig
		Directory.Build.props = Directory.Build.props
		Directory.Packages.props = Directory.Packages.props
		README.md = README.md
	EndProjectSection
EndProject
Project("{2150E333-8FDC-42A3-9474-1A3956D46DE8}") = "Core", "Core", "{A4680A90-884B-4A55-A6F1-92D72D19D152}"
EndProject
Project("{2150E333-8FDC-42A3-9474-1A3956D46DE8}") = "Infrastructures", "Infrastructures", "{FA8E0B40-BEE6-4D11-B576-527C356803B6}"
EndProject
Project("{9A19103F-16F7-4668-BE54-9A1E7A4F7556}") = "Infrastructure", "src\Infrastructures\Infrastructure\Infrastructure.csproj", "{307877F2-1177-41AB-9763-E4F57DDC8FF9}"
EndProject
Project("{9A19103F-16F7-4668-BE54-9A1E7A4F7556}") = "Application", "src\Core\Application\Application.csproj", "{1E94281F-341A-48B6-85C7-18026508CA78}"
EndProject
Project("{9A19103F-16F7-4668-BE54-9A1E7A4F7556}") = "Domain", "src\Core\Domain\Domain.csproj", "{25B0106C-5C53-4042-8FAC-40687345225D}"
EndProject
Project("{9A19103F-16F7-4668-BE54-9A1E7A4F7556}") = "Shared", "src\Core\Shared\Shared.csproj", "{27217C28-FF49-446E-8476-135E0EB1D782}"
EndProject
Project("{2150E333-8FDC-42A3-9474-1A3956D46DE8}") = "Migrators", "Migrators", "{BDE693BE-326A-48E3-8B00-6BC9C2F8252B}"
EndProject
Project("{2150E333-8FDC-42A3-9474-1A3956D46DE8}") = "Persistences", "Persistences", "{789F4215-15BC-4338-8FF4-5901DADEC580}"
EndProject
Project("{9A19103F-16F7-4668-BE54-9A1E7A4F7556}") = "EfCore.Persistence", "src\Infrastructures\Persistence\EfCore.Persistence\EfCore.Persistence.csproj", "{FD6EC5D2-4988-428A-91B2-2A933170E380}"
EndProject
Project("{9A19103F-16F7-4668-BE54-9A1E7A4F7556}") = "Logger", "src\Infrastructures\Logger\Logger.csproj", "{880842FC-E797-4C0C-B0BA-3AA71C2805FD}"
EndProject
Project("{2150E333-8FDC-42A3-9474-1A3956D46DE8}") = "Common", "Common", "{223F57C6-9377-4E97-BA5C-F84EC5D74650}"
EndProject
Project("{2150E333-8FDC-42A3-9474-1A3956D46DE8}") = "Integrates", "Integrates", "{7ADE7608-9310-4F1A-938A-07D2E3104E35}"
EndProject
Project("{9A19103F-16F7-4668-BE54-9A1E7A4F7556}") = "External.Service", "src\Infrastructures\Integrates\External.Service\External.Service.csproj", "{13D25701-677B-464C-8F07-B7ED2699384C}"
EndProject
Project("{2150E333-8FDC-42A3-9474-1A3956D46DE8}") = "Presentation", "Presentation", "{02EA681E-C7D8-13C7-8484-4AC65E1B71E8}"
EndProject
Project("{FAE04EC0-301F-11D3-BF4B-00C04F79EFBC}") = "Host", "src\Presentation\Host\Host.csproj", "{7A62F192-9EA6-125F-F71C-831FC4244265}"
EndProject
Project("{FAE04EC0-301F-11D3-BF4B-00C04F79EFBC}") = "Migrators.PostgreSQL", "src\Infrastructures\Migrators\Migrators.Postgres\Migrators.PostgreSQL.csproj", "{23E97BE1-10B3-833C-F03C-4E740F67E1EA}"
EndProject
Global
	GlobalSection(SolutionConfigurationPlatforms) = preSolution
		Debug|Any CPU = Debug|Any CPU
		Release|Any CPU = Release|Any CPU
	EndGlobalSection
	GlobalSection(ProjectConfigurationPlatforms) = postSolution
		{307877F2-1177-41AB-9763-E4F57DDC8FF9}.Debug|Any CPU.ActiveCfg = Debug|Any CPU
		{307877F2-1177-41AB-9763-E4F57DDC8FF9}.Debug|Any CPU.Build.0 = Debug|Any CPU
		{307877F2-1177-41AB-9763-E4F57DDC8FF9}.Release|Any CPU.ActiveCfg = Release|Any CPU
		{307877F2-1177-41AB-9763-E4F57DDC8FF9}.Release|Any CPU.Build.0 = Release|Any CPU
		{1E94281F-341A-48B6-85C7-18026508CA78}.Debug|Any CPU.ActiveCfg = Debug|Any CPU
		{1E94281F-341A-48B6-85C7-18026508CA78}.Debug|Any CPU.Build.0 = Debug|Any CPU
		{1E94281F-341A-48B6-85C7-18026508CA78}.Release|Any CPU.ActiveCfg = Release|Any CPU
		{1E94281F-341A-48B6-85C7-18026508CA78}.Release|Any CPU.Build.0 = Release|Any CPU
		{25B0106C-5C53-4042-8FAC-40687345225D}.Debug|Any CPU.ActiveCfg = Debug|Any CPU
		{25B0106C-5C53-4042-8FAC-40687345225D}.Debug|Any CPU.Build.0 = Debug|Any CPU
		{25B0106C-5C53-4042-8FAC-40687345225D}.Release|Any CPU.ActiveCfg = Release|Any CPU
		{25B0106C-5C53-4042-8FAC-40687345225D}.Release|Any CPU.Build.0 = Release|Any CPU
		{27217C28-FF49-446E-8476-135E0EB1D782}.Debug|Any CPU.ActiveCfg = Debug|Any CPU
		{27217C28-FF49-446E-8476-135E0EB1D782}.Debug|Any CPU.Build.0 = Debug|Any CPU
		{27217C28-FF49-446E-8476-135E0EB1D782}.Release|Any CPU.ActiveCfg = Release|Any CPU
		{27217C28-FF49-446E-8476-135E0EB1D782}.Release|Any CPU.Build.0 = Release|Any CPU
		{FD6EC5D2-4988-428A-91B2-2A933170E380}.Debug|Any CPU.ActiveCfg = Debug|Any CPU
		{FD6EC5D2-4988-428A-91B2-2A933170E380}.Debug|Any CPU.Build.0 = Debug|Any CPU
		{FD6EC5D2-4988-428A-91B2-2A933170E380}.Release|Any CPU.ActiveCfg = Release|Any CPU
		{FD6EC5D2-4988-428A-91B2-2A933170E380}.Release|Any CPU.Build.0 = Release|Any CPU
		{880842FC-E797-4C0C-B0BA-3AA71C2805FD}.Debug|Any CPU.ActiveCfg = Debug|Any CPU
		{880842FC-E797-4C0C-B0BA-3AA71C2805FD}.Debug|Any CPU.Build.0 = Debug|Any CPU
		{880842FC-E797-4C0C-B0BA-3AA71C2805FD}.Release|Any CPU.ActiveCfg = Release|Any CPU
		{880842FC-E797-4C0C-B0BA-3AA71C2805FD}.Release|Any CPU.Build.0 = Release|Any CPU
		{13D25701-677B-464C-8F07-B7ED2699384C}.Debug|Any CPU.ActiveCfg = Debug|Any CPU
		{13D25701-677B-464C-8F07-B7ED2699384C}.Debug|Any CPU.Build.0 = Debug|Any CPU
		{13D25701-677B-464C-8F07-B7ED2699384C}.Release|Any CPU.ActiveCfg = Release|Any CPU
		{13D25701-677B-464C-8F07-B7ED2699384C}.Release|Any CPU.Build.0 = Release|Any CPU
		{7A62F192-9EA6-125F-F71C-831FC4244265}.Debug|Any CPU.ActiveCfg = Debug|Any CPU
		{7A62F192-9EA6-125F-F71C-831FC4244265}.Debug|Any CPU.Build.0 = Debug|Any CPU
		{7A62F192-9EA6-125F-F71C-831FC4244265}.Release|Any CPU.ActiveCfg = Release|Any CPU
		{7A62F192-9EA6-125F-F71C-831FC4244265}.Release|Any CPU.Build.0 = Release|Any CPU
		{23E97BE1-10B3-833C-F03C-4E740F67E1EA}.Debug|Any CPU.ActiveCfg = Debug|Any CPU
		{23E97BE1-10B3-833C-F03C-4E740F67E1EA}.Debug|Any CPU.Build.0 = Debug|Any CPU
		{23E97BE1-10B3-833C-F03C-4E740F67E1EA}.Release|Any CPU.ActiveCfg = Release|Any CPU
		{23E97BE1-10B3-833C-F03C-4E740F67E1EA}.Release|Any CPU.Build.0 = Release|Any CPU
	EndGlobalSection
	GlobalSection(SolutionProperties) = preSolution
		HideSolutionNode = FALSE
	EndGlobalSection
	GlobalSection(NestedProjects) = preSolution
		{A4680A90-884B-4A55-A6F1-92D72D19D152} = {D6346122-CD4B-441C-B5D1-583758585DAF}
		{FA8E0B40-BEE6-4D11-B576-527C356803B6} = {D6346122-CD4B-441C-B5D1-583758585DAF}
		{307877F2-1177-41AB-9763-E4F57DDC8FF9} = {FA8E0B40-BEE6-4D11-B576-527C356803B6}
		{1E94281F-341A-48B6-85C7-18026508CA78} = {A4680A90-884B-4A55-A6F1-92D72D19D152}
		{25B0106C-5C53-4042-8FAC-40687345225D} = {A4680A90-884B-4A55-A6F1-92D72D19D152}
		{27217C28-FF49-446E-8476-135E0EB1D782} = {A4680A90-884B-4A55-A6F1-92D72D19D152}
		{BDE693BE-326A-48E3-8B00-6BC9C2F8252B} = {FA8E0B40-BEE6-4D11-B576-527C356803B6}
		{789F4215-15BC-4338-8FF4-5901DADEC580} = {FA8E0B40-BEE6-4D11-B576-527C356803B6}
		{FD6EC5D2-4988-428A-91B2-2A933170E380} = {789F4215-15BC-4338-8FF4-5901DADEC580}
		{880842FC-E797-4C0C-B0BA-3AA71C2805FD} = {223F57C6-9377-4E97-BA5C-F84EC5D74650}
		{223F57C6-9377-4E97-BA5C-F84EC5D74650} = {D6346122-CD4B-441C-B5D1-583758585DAF}
		{7ADE7608-9310-4F1A-938A-07D2E3104E35} = {FA8E0B40-BEE6-4D11-B576-527C356803B6}
		{13D25701-677B-464C-8F07-B7ED2699384C} = {7ADE7608-9310-4F1A-938A-07D2E3104E35}
		{02EA681E-C7D8-13C7-8484-4AC65E1B71E8} = {D6346122-CD4B-441C-B5D1-583758585DAF}
		{7A62F192-9EA6-125F-F71C-831FC4244265} = {02EA681E-C7D8-13C7-8484-4AC65E1B71E8}
		{23E97BE1-10B3-833C-F03C-4E740F67E1EA} = {BDE693BE-326A-48E3-8B00-6BC9C2F8252B}
	EndGlobalSection
	GlobalSection(ExtensibilityGlobals) = postSolution
		SolutionGuid = {DE1E14E2-BD1E-4A33-813F-0F5B6EDAC23C}
	EndGlobalSection
EndGlobal
